
Microsoft Visual Studio Solution File, Format Version 12.00
# Visual Studio 15
VisualStudioVersion = 15.0.28307.421
MinimumVisualStudioVersion = 10.0.40219.1
Project("{FAE04EC0-301F-11D3-BF4B-00C04F79EFBC}") = "WiredBrainCoffee.Simulators", "WiredBrainCoffee.Simulators\WiredBrainCoffee.Simulators.csproj", "{AF1B1431-6404-49D0-B745-761C41AB9D96}"
EndProject
Global
	GlobalSection(SolutionConfigurationPlatforms) = preSolution
		Debug|Any CPU = Debug|Any CPU
		Release|Any CPU = Release|Any CPU
	EndGlobalSection
	GlobalSection(ProjectConfigurationPlatforms) = postSolution
		{AF1B1431-6404-49D0-B745-761C41AB9D96}.Debug|Any CPU.ActiveCfg = Debug|Any CPU
		{AF1B1431-6404-49D0-B745-761C41AB9D96}.Debug|Any CPU.Build.0 = Debug|Any CPU
		{AF1B1431-6404-49D0-B745-761C41AB9D96}.Release|Any CPU.ActiveCfg = Release|Any CPU
		{AF1B1431-6404-49D0-B745-761C41AB9D96}.Release|Any CPU.Build.0 = Release|Any CPU
	EndGlobalSection
	GlobalSection(SolutionProperties) = preSolution
		HideSolutionNode = FALSE
	EndGlobalSection
	GlobalSection(ExtensibilityGlobals) = postSolution
		SolutionGuid = {4B209B68-9C24-407D-AA2F-6B8B3F321DE1}
	EndGlobalSection
EndGlobal
